
Microsoft Visual Studio Solution File, Format Version 12.00
# Visual Studio Version 16
VisualStudioVersion = 16.0.29920.165
MinimumVisualStudioVersion = 10.0.40219.1
Project("{2150E333-8FDC-42A3-9474-1A3956D46DE8}") = "01.创建型", "01.创建型", "{FE4EA2EE-21E6-4FC7-860F-274AD0880BBB}"
EndProject
Project("{9A19103F-16F7-4668-BE54-9A1E7A4F7556}") = "SimpleFactoryPattern", "01.创建型\SimpleFactoryPattern\SimpleFactoryPattern.csproj", "{1F9D0ADB-CC8A-49AE-A110-2293AE20B64C}"
EndProject
Project("{9A19103F-16F7-4668-BE54-9A1E7A4F7556}") = "FactoryMethodPattern", "01.创建型\FactoryMethodPattern\FactoryMethodPattern.csproj", "{8854693F-AF7A-4877-A2E7-FE6EE066CDCB}"
EndProject
Project("{FAE04EC0-301F-11D3-BF4B-00C04F79EFBC}") = "PrototypePattern", "01.创建型\PrototypePattern\PrototypePattern.csproj", "{B08B4521-4DDE-4B84-A005-FD14A53EBDE4}"
EndProject
Project("{9A19103F-16F7-4668-BE54-9A1E7A4F7556}") = "SingletonPattern", "01.创建型\SingletonPattern\SingletonPattern.csproj", "{63FC1501-4939-4B75-9663-FF4B73654202}"
EndProject
Global
	GlobalSection(SolutionConfigurationPlatforms) = preSolution
		Debug|Any CPU = Debug|Any CPU
		Release|Any CPU = Release|Any CPU
	EndGlobalSection
	GlobalSection(ProjectConfigurationPlatforms) = postSolution
		{1F9D0ADB-CC8A-49AE-A110-2293AE20B64C}.Debug|Any CPU.ActiveCfg = Debug|Any CPU
		{1F9D0ADB-CC8A-49AE-A110-2293AE20B64C}.Debug|Any CPU.Build.0 = Debug|Any CPU
		{1F9D0ADB-CC8A-49AE-A110-2293AE20B64C}.Release|Any CPU.ActiveCfg = Release|Any CPU
		{1F9D0ADB-CC8A-49AE-A110-2293AE20B64C}.Release|Any CPU.Build.0 = Release|Any CPU
		{8854693F-AF7A-4877-A2E7-FE6EE066CDCB}.Debug|Any CPU.ActiveCfg = Debug|Any CPU
		{8854693F-AF7A-4877-A2E7-FE6EE066CDCB}.Debug|Any CPU.Build.0 = Debug|Any CPU
		{8854693F-AF7A-4877-A2E7-FE6EE066CDCB}.Release|Any CPU.ActiveCfg = Release|Any CPU
		{8854693F-AF7A-4877-A2E7-FE6EE066CDCB}.Release|Any CPU.Build.0 = Release|Any CPU
		{B08B4521-4DDE-4B84-A005-FD14A53EBDE4}.Debug|Any CPU.ActiveCfg = Debug|Any CPU
		{B08B4521-4DDE-4B84-A005-FD14A53EBDE4}.Debug|Any CPU.Build.0 = Debug|Any CPU
		{B08B4521-4DDE-4B84-A005-FD14A53EBDE4}.Release|Any CPU.ActiveCfg = Release|Any CPU
		{B08B4521-4DDE-4B84-A005-FD14A53EBDE4}.Release|Any CPU.Build.0 = Release|Any CPU
		{63FC1501-4939-4B75-9663-FF4B73654202}.Debug|Any CPU.ActiveCfg = Debug|Any CPU
		{63FC1501-4939-4B75-9663-FF4B73654202}.Debug|Any CPU.Build.0 = Debug|Any CPU
		{63FC1501-4939-4B75-9663-FF4B73654202}.Release|Any CPU.ActiveCfg = Release|Any CPU
		{63FC1501-4939-4B75-9663-FF4B73654202}.Release|Any CPU.Build.0 = Release|Any CPU
	EndGlobalSection
	GlobalSection(SolutionProperties) = preSolution
		HideSolutionNode = FALSE
	EndGlobalSection
	GlobalSection(NestedProjects) = preSolution
		{1F9D0ADB-CC8A-49AE-A110-2293AE20B64C} = {FE4EA2EE-21E6-4FC7-860F-274AD0880BBB}
		{8854693F-AF7A-4877-A2E7-FE6EE066CDCB} = {FE4EA2EE-21E6-4FC7-860F-274AD0880BBB}
		{B08B4521-4DDE-4B84-A005-FD14A53EBDE4} = {FE4EA2EE-21E6-4FC7-860F-274AD0880BBB}
		{63FC1501-4939-4B75-9663-FF4B73654202} = {FE4EA2EE-21E6-4FC7-860F-274AD0880BBB}
	EndGlobalSection
	GlobalSection(ExtensibilityGlobals) = postSolution
		SolutionGuid = {16938286-CD98-44CF-A324-E4486A91DAB8}
	EndGlobalSection
EndGlobal
