
Microsoft Visual Studio Solution File, Format Version 12.00
# Visual Studio Version 16
VisualStudioVersion = 16.0.29920.165
MinimumVisualStudioVersion = 10.0.40219.1
Project("{9A19103F-16F7-4668-BE54-9A1E7A4F7556}") = "SingletonPattern", "SingletonPattern.csproj", "{7DC31B47-F9C0-4B3F-9211-29137104D844}"
EndProject
Global
	GlobalSection(SolutionConfigurationPlatforms) = preSolution
		Debug|Any CPU = Debug|Any CPU
		Release|Any CPU = Release|Any CPU
	EndGlobalSection
	GlobalSection(ProjectConfigurationPlatforms) = postSolution
		{7DC31B47-F9C0-4B3F-9211-29137104D844}.Debug|Any CPU.ActiveCfg = Debug|Any CPU
		{7DC31B47-F9C0-4B3F-9211-29137104D844}.Debug|Any CPU.Build.0 = Debug|Any CPU
		{7DC31B47-F9C0-4B3F-9211-29137104D844}.Release|Any CPU.ActiveCfg = Release|Any CPU
		{7DC31B47-F9C0-4B3F-9211-29137104D844}.Release|Any CPU.Build.0 = Release|Any CPU
	EndGlobalSection
	GlobalSection(SolutionProperties) = preSolution
		HideSolutionNode = FALSE
	EndGlobalSection
	GlobalSection(ExtensibilityGlobals) = postSolution
		SolutionGuid = {D489B7A0-6C07-4B9D-87C2-7C982FE3EAB0}
	EndGlobalSection
EndGlobal
